
Microsoft Visual Studio Solution File, Format Version 10.00
# Visual C++ Express 2008
Project("{8BC9CEB8-8B4A-11D0-8D11-00A0C91BC942}") = "eho", "eho\eho.vcproj", "{DAA04F14-A26B-4EDD-8536-3BB74444750E}"
EndProject
Global
	GlobalSection(SolutionConfigurationPlatforms) = preSolution
		Debug|Win32 = Debug|Win32
		Release|Win32 = Release|Win32
	EndGlobalSection
	GlobalSection(ProjectConfigurationPlatforms) = postSolution
		{DAA04F14-A26B-4EDD-8536-3BB74444750E}.Debug|Win32.ActiveCfg = Debug|Win32
		{DAA04F14-A26B-4EDD-8536-3BB74444750E}.Debug|Win32.Build.0 = Debug|Win32
		{DAA04F14-A26B-4EDD-8536-3BB74444750E}.Release|Win32.ActiveCfg = Release|Win32
		{DAA04F14-A26B-4EDD-8536-3BB74444750E}.Release|Win32.Build.0 = Release|Win32
	EndGlobalSection
	GlobalSection(SolutionProperties) = preSolution
		HideSolutionNode = FALSE
	EndGlobalSection
EndGlobal
