
Microsoft Visual Studio Solution File, Format Version 10.00
# Visual C++ Express 2008
Project("{8BC9CEB8-8B4A-11D0-8D11-00A0C91BC942}") = "socket server", "socket server\socket server.vcproj", "{6E7B7316-1485-4C78-8406-F4FB59428032}"
EndProject
Global
	GlobalSection(SolutionConfigurationPlatforms) = preSolution
		Debug|Win32 = Debug|Win32
		Release|Win32 = Release|Win32
	EndGlobalSection
	GlobalSection(ProjectConfigurationPlatforms) = postSolution
		{6E7B7316-1485-4C78-8406-F4FB59428032}.Debug|Win32.ActiveCfg = Debug|Win32
		{6E7B7316-1485-4C78-8406-F4FB59428032}.Debug|Win32.Build.0 = Debug|Win32
		{6E7B7316-1485-4C78-8406-F4FB59428032}.Release|Win32.ActiveCfg = Release|Win32
		{6E7B7316-1485-4C78-8406-F4FB59428032}.Release|Win32.Build.0 = Release|Win32
	EndGlobalSection
	GlobalSection(SolutionProperties) = preSolution
		HideSolutionNode = FALSE
	EndGlobalSection
EndGlobal
